
Microsoft Visual Studio Solution File, Format Version 12.00
Project("{FAE04EC0-301F-11D3-BF4B-00C04F79EFBC}") = "MirthSocketClient", "MirthSocketClient\MirthSocketClient.csproj", "{270F7AEC-D9AD-47D9-A7FF-2E127BE6D515}"
EndProject
Project("{FAE04EC0-301F-11D3-BF4B-00C04F79EFBC}") = "MirthSocketServer", "MirthSocketServer\MirthSocketServer.csproj", "{C5BA554D-B5C3-40E5-88F8-6839FF114635}"
EndProject
Project("{FAE04EC0-301F-11D3-BF4B-00C04F79EFBC}") = "Utility", "Utility\Utility.csproj", "{44D6B2B5-D04C-4F14-95FD-71C442500F77}"
EndProject
Global
	GlobalSection(SolutionConfigurationPlatforms) = preSolution
		Debug|Any CPU = Debug|Any CPU
		Release|Any CPU = Release|Any CPU
	EndGlobalSection
	GlobalSection(ProjectConfigurationPlatforms) = postSolution
		{270F7AEC-D9AD-47D9-A7FF-2E127BE6D515}.Debug|Any CPU.ActiveCfg = Debug|Any CPU
		{270F7AEC-D9AD-47D9-A7FF-2E127BE6D515}.Debug|Any CPU.Build.0 = Debug|Any CPU
		{270F7AEC-D9AD-47D9-A7FF-2E127BE6D515}.Release|Any CPU.ActiveCfg = Release|Any CPU
		{270F7AEC-D9AD-47D9-A7FF-2E127BE6D515}.Release|Any CPU.Build.0 = Release|Any CPU
		{C5BA554D-B5C3-40E5-88F8-6839FF114635}.Debug|Any CPU.ActiveCfg = Debug|Any CPU
		{C5BA554D-B5C3-40E5-88F8-6839FF114635}.Debug|Any CPU.Build.0 = Debug|Any CPU
		{C5BA554D-B5C3-40E5-88F8-6839FF114635}.Release|Any CPU.ActiveCfg = Release|Any CPU
		{C5BA554D-B5C3-40E5-88F8-6839FF114635}.Release|Any CPU.Build.0 = Release|Any CPU
		{44D6B2B5-D04C-4F14-95FD-71C442500F77}.Debug|Any CPU.ActiveCfg = Debug|Any CPU
		{44D6B2B5-D04C-4F14-95FD-71C442500F77}.Debug|Any CPU.Build.0 = Debug|Any CPU
		{44D6B2B5-D04C-4F14-95FD-71C442500F77}.Release|Any CPU.ActiveCfg = Release|Any CPU
		{44D6B2B5-D04C-4F14-95FD-71C442500F77}.Release|Any CPU.Build.0 = Release|Any CPU
	EndGlobalSection
EndGlobal
